// !$*UTF8*$!
{
	archiveVersion = 1;
	classes = {
	};
	objectVersion = 46;
	objects = {

/* Begin PBXBuildFile section */
		2400C4CD1D8C2B9B0046B1B7 /* MyWavefrontParser.cpp in Sources */ = {isa = PBXBuildFile; fileRef = 2400C4CB1D8C2B9B0046B1B7 /* MyWavefrontParser.cpp */; };
		24FE03521D79B228001E75DF /* main.cpp in Sources */ = {isa = PBXBuildFile; fileRef = 24FE03511D79B228001E75DF /* main.cpp */; };
		24FE03591D79B234001E75DF /* OpenGL.framework in Frameworks */ = {isa = PBXBuildFile; fileRef = 24FE03581D79B234001E75DF /* OpenGL.framework */; };
		24FE035B1D79B23A001E75DF /* GLUT.framework in Frameworks */ = {isa = PBXBuildFile; fileRef = 24FE035A1D79B23A001E75DF /* GLUT.framework */; };
		24FE035E1D79B25D001E75DF /* ResourceManager.cpp in Sources */ = {isa = PBXBuildFile; fileRef = 24FE035C1D79B25D001E75DF /* ResourceManager.cpp */; };
		24FE03611D79B653001E75DF /* MyOpenGLRenderer.cpp in Sources */ = {isa = PBXBuildFile; fileRef = 24FE035F1D79B653001E75DF /* MyOpenGLRenderer.cpp */; };
		24FE03641D79B745001E75DF /* Model.cpp in Sources */ = {isa = PBXBuildFile; fileRef = 24FE03621D79B745001E75DF /* Model.cpp */; };
		24FE036D1D79B85C001E75DF /* Material.cpp in Sources */ = {isa = PBXBuildFile; fileRef = 24FE03671D79B85C001E75DF /* Material.cpp */; };
		24FE036E1D79B85C001E75DF /* Color.cpp in Sources */ = {isa = PBXBuildFile; fileRef = 24FE03691D79B85C001E75DF /* Color.cpp */; };
		24FE036F1D79B85C001E75DF /* Camera.cpp in Sources */ = {isa = PBXBuildFile; fileRef = 24FE036B1D79B85C001E75DF /* Camera.cpp */; };
		24FE03701D79B85C001E75DF /* Matrix.cpp in Sources */ = {isa = PBXBuildFile; fileRef = 24FE036C1D79B85C001E75DF /* Matrix.cpp */; };
		24FE03771D79B898001E75DF /* Texture.cpp in Sources */ = {isa = PBXBuildFile; fileRef = 24FE03711D79B898001E75DF /* Texture.cpp */; };
		24FE03781D79B898001E75DF /* ShaderProgram.cpp in Sources */ = {isa = PBXBuildFile; fileRef = 24FE03721D79B898001E75DF /* ShaderProgram.cpp */; };
		24FE03791D79B898001E75DF /* Vector.cpp in Sources */ = {isa = PBXBuildFile; fileRef = 24FE03751D79B898001E75DF /* Vector.cpp */; };
		24FE037C1D79CF56001E75DF /* RGBImage.cpp in Sources */ = {isa = PBXBuildFile; fileRef = 24FE037A1D79CF56001E75DF /* RGBImage.cpp */; };
/* End PBXBuildFile section */

/* Begin PBXCopyFilesBuildPhase section */
		24FE034C1D79B228001E75DF /* CopyFiles */ = {
			isa = PBXCopyFilesBuildPhase;
			buildActionMask = 2147483647;
			dstPath = /usr/share/man/man1/;
			dstSubfolderSpec = 0;
			files = (
			);
			runOnlyForDeploymentPostprocessing = 1;
		};
/* End PBXCopyFilesBuildPhase section */

/* Begin PBXFileReference section */
		2400C4CB1D8C2B9B0046B1B7 /* MyWavefrontParser.cpp */ = {isa = PBXFileReference; fileEncoding = 4; lastKnownFileType = sourcecode.cpp.cpp; path = MyWavefrontParser.cpp; sourceTree = "<group>"; };
		2400C4CC1D8C2B9B0046B1B7 /* MyWavefrontParser.hpp */ = {isa = PBXFileReference; fileEncoding = 4; lastKnownFileType = sourcecode.cpp.h; path = MyWavefrontParser.hpp; sourceTree = "<group>"; };
		24FE034E1D79B228001E75DF /* Nostronew */ = {isa = PBXFileReference; explicitFileType = "compiled.mach-o.executable"; includeInIndex = 0; path = Nostronew; sourceTree = BUILT_PRODUCTS_DIR; };
		24FE03511D79B228001E75DF /* main.cpp */ = {isa = PBXFileReference; lastKnownFileType = sourcecode.cpp.cpp; path = main.cpp; sourceTree = "<group>"; };
		24FE03581D79B234001E75DF /* OpenGL.framework */ = {isa = PBXFileReference; lastKnownFileType = wrapper.framework; name = OpenGL.framework; path = System/Library/Frameworks/OpenGL.framework; sourceTree = SDKROOT; };
		24FE035A1D79B23A001E75DF /* GLUT.framework */ = {isa = PBXFileReference; lastKnownFileType = wrapper.framework; name = GLUT.framework; path = System/Library/Frameworks/GLUT.framework; sourceTree = SDKROOT; };
		24FE035C1D79B25D001E75DF /* ResourceManager.cpp */ = {isa = PBXFileReference; fileEncoding = 4; lastKnownFileType = sourcecode.cpp.cpp; path = ResourceManager.cpp; sourceTree = "<group>"; };
		24FE035D1D79B25D001E75DF /* ResourceManager.hpp */ = {isa = PBXFileReference; fileEncoding = 4; lastKnownFileType = sourcecode.cpp.h; path = ResourceManager.hpp; sourceTree = "<group>"; };
		24FE035F1D79B653001E75DF /* MyOpenGLRenderer.cpp */ = {isa = PBXFileReference; fileEncoding = 4; lastKnownFileType = sourcecode.cpp.cpp; path = MyOpenGLRenderer.cpp; sourceTree = "<group>"; };
		24FE03601D79B653001E75DF /* MyOpenGLRenderer.hpp */ = {isa = PBXFileReference; fileEncoding = 4; lastKnownFileType = sourcecode.cpp.h; path = MyOpenGLRenderer.hpp; sourceTree = "<group>"; };
		24FE03621D79B745001E75DF /* Model.cpp */ = {isa = PBXFileReference; fileEncoding = 4; lastKnownFileType = sourcecode.cpp.cpp; path = Model.cpp; sourceTree = "<group>"; };
		24FE03631D79B745001E75DF /* Model.h */ = {isa = PBXFileReference; fileEncoding = 4; lastKnownFileType = sourcecode.c.h; path = Model.h; sourceTree = "<group>"; };
		24FE03651D79B84D001E75DF /* Matrix.h */ = {isa = PBXFileReference; fileEncoding = 4; lastKnownFileType = sourcecode.c.h; path = Matrix.h; sourceTree = "<group>"; };
		24FE03661D79B85C001E75DF /* Material.h */ = {isa = PBXFileReference; fileEncoding = 4; lastKnownFileType = sourcecode.c.h; path = Material.h; sourceTree = "<group>"; };
		24FE03671D79B85C001E75DF /* Material.cpp */ = {isa = PBXFileReference; fileEncoding = 4; lastKnownFileType = sourcecode.cpp.cpp; path = Material.cpp; sourceTree = "<group>"; };
		24FE03681D79B85C001E75DF /* Camera.h */ = {isa = PBXFileReference; fileEncoding = 4; lastKnownFileType = sourcecode.c.h; path = Camera.h; sourceTree = "<group>"; };
		24FE03691D79B85C001E75DF /* Color.cpp */ = {isa = PBXFileReference; fileEncoding = 4; lastKnownFileType = sourcecode.cpp.cpp; path = Color.cpp; sourceTree = "<group>"; };
		24FE036A1D79B85C001E75DF /* Color.hpp */ = {isa = PBXFileReference; fileEncoding = 4; lastKnownFileType = sourcecode.cpp.h; path = Color.hpp; sourceTree = "<group>"; };
		24FE036B1D79B85C001E75DF /* Camera.cpp */ = {isa = PBXFileReference; fileEncoding = 4; lastKnownFileType = sourcecode.cpp.cpp; path = Camera.cpp; sourceTree = "<group>"; };
		24FE036C1D79B85C001E75DF /* Matrix.cpp */ = {isa = PBXFileReference; fileEncoding = 4; lastKnownFileType = sourcecode.cpp.cpp; path = Matrix.cpp; sourceTree = "<group>"; };
		24FE03711D79B898001E75DF /* Texture.cpp */ = {isa = PBXFileReference; fileEncoding = 4; lastKnownFileType = sourcecode.cpp.cpp; path = Texture.cpp; sourceTree = "<group>"; };
		24FE03721D79B898001E75DF /* ShaderProgram.cpp */ = {isa = PBXFileReference; fileEncoding = 4; lastKnownFileType = sourcecode.cpp.cpp; path = ShaderProgram.cpp; sourceTree = "<group>"; };
		24FE03731D79B898001E75DF /* ShaderProgram.hpp */ = {isa = PBXFileReference; fileEncoding = 4; lastKnownFileType = sourcecode.cpp.h; path = ShaderProgram.hpp; sourceTree = "<group>"; };
		24FE03741D79B898001E75DF /* Texture.h */ = {isa = PBXFileReference; fileEncoding = 4; lastKnownFileType = sourcecode.c.h; path = Texture.h; sourceTree = "<group>"; };
		24FE03751D79B898001E75DF /* Vector.cpp */ = {isa = PBXFileReference; fileEncoding = 4; lastKnownFileType = sourcecode.cpp.cpp; path = Vector.cpp; sourceTree = "<group>"; };
		24FE03761D79B898001E75DF /* Vector.hpp */ = {isa = PBXFileReference; fileEncoding = 4; lastKnownFileType = sourcecode.cpp.h; path = Vector.hpp; sourceTree = "<group>"; };
		24FE037A1D79CF56001E75DF /* RGBImage.cpp */ = {isa = PBXFileReference; fileEncoding = 4; lastKnownFileType = sourcecode.cpp.cpp; path = RGBImage.cpp; sourceTree = "<group>"; };
		24FE037B1D79CF56001E75DF /* RGBImage.hpp */ = {isa = PBXFileReference; fileEncoding = 4; lastKnownFileType = sourcecode.cpp.h; path = RGBImage.hpp; sourceTree = "<group>"; };
/* End PBXFileReference section */

/* Begin PBXFrameworksBuildPhase section */
		24FE034B1D79B228001E75DF /* Frameworks */ = {
			isa = PBXFrameworksBuildPhase;
			buildActionMask = 2147483647;
			files = (
				24FE035B1D79B23A001E75DF /* GLUT.framework in Frameworks */,
				24FE03591D79B234001E75DF /* OpenGL.framework in Frameworks */,
			);
			runOnlyForDeploymentPostprocessing = 0;
		};
/* End PBXFrameworksBuildPhase section */

/* Begin PBXGroup section */
		24FE03451D79B228001E75DF = {
			isa = PBXGroup;
			children = (
				24FE035A1D79B23A001E75DF /* GLUT.framework */,
				24FE03581D79B234001E75DF /* OpenGL.framework */,
				24FE03501D79B228001E75DF /* Nostronew */,
				24FE034F1D79B228001E75DF /* Products */,
			);
			sourceTree = "<group>";
		};
		24FE034F1D79B228001E75DF /* Products */ = {
			isa = PBXGroup;
			children = (
				24FE034E1D79B228001E75DF /* Nostronew */,
			);
			name = Products;
			sourceTree = "<group>";
		};
		24FE03501D79B228001E75DF /* Nostronew */ = {
			isa = PBXGroup;
			children = (
				24FE037A1D79CF56001E75DF /* RGBImage.cpp */,
				24FE037B1D79CF56001E75DF /* RGBImage.hpp */,
				24FE03721D79B898001E75DF /* ShaderProgram.cpp */,
				24FE03731D79B898001E75DF /* ShaderProgram.hpp */,
				24FE03711D79B898001E75DF /* Texture.cpp */,
				24FE03741D79B898001E75DF /* Texture.h */,
				24FE03751D79B898001E75DF /* Vector.cpp */,
				24FE03761D79B898001E75DF /* Vector.hpp */,
				24FE03671D79B85C001E75DF /* Material.cpp */,
				24FE03661D79B85C001E75DF /* Material.h */,
				24FE036B1D79B85C001E75DF /* Camera.cpp */,
				24FE03681D79B85C001E75DF /* Camera.h */,
				24FE03691D79B85C001E75DF /* Color.cpp */,
				24FE036A1D79B85C001E75DF /* Color.hpp */,
				24FE036C1D79B85C001E75DF /* Matrix.cpp */,
				24FE03651D79B84D001E75DF /* Matrix.h */,
				24FE03621D79B745001E75DF /* Model.cpp */,
				24FE03631D79B745001E75DF /* Model.h */,
				24FE03511D79B228001E75DF /* main.cpp */,
				24FE035C1D79B25D001E75DF /* ResourceManager.cpp */,
				24FE035D1D79B25D001E75DF /* ResourceManager.hpp */,
				24FE035F1D79B653001E75DF /* MyOpenGLRenderer.cpp */,
				24FE03601D79B653001E75DF /* MyOpenGLRenderer.hpp */,
				2400C4CB1D8C2B9B0046B1B7 /* MyWavefrontParser.cpp */,
				2400C4CC1D8C2B9B0046B1B7 /* MyWavefrontParser.hpp */,
			);
			path = Nostronew;
			sourceTree = "<group>";
		};
/* End PBXGroup section */

/* Begin PBXNativeTarget section */
		24FE034D1D79B228001E75DF /* Nostronew */ = {
			isa = PBXNativeTarget;
			buildConfigurationList = 24FE03551D79B228001E75DF /* Build configuration list for PBXNativeTarget "Nostronew" */;
			buildPhases = (
				24FE034A1D79B228001E75DF /* Sources */,
				24FE034B1D79B228001E75DF /* Frameworks */,
				24FE034C1D79B228001E75DF /* CopyFiles */,
			);
			buildRules = (
			);
			dependencies = (
			);
			name = Nostronew;
			productName = Nostronew;
			productReference = 24FE034E1D79B228001E75DF /* Nostronew */;
			productType = "com.apple.product-type.tool";
		};
/* End PBXNativeTarget section */

/* Begin PBXProject section */
		24FE03461D79B228001E75DF /* Project object */ = {
			isa = PBXProject;
			attributes = {
				LastUpgradeCheck = 0800;
				ORGANIZATIONNAME = "HS Osnabrueck";
				TargetAttributes = {
					24FE034D1D79B228001E75DF = {
						CreatedOnToolsVersion = 7.3.1;
					};
				};
			};
			buildConfigurationList = 24FE03491D79B228001E75DF /* Build configuration list for PBXProject "Nostronew" */;
			compatibilityVersion = "Xcode 3.2";
			developmentRegion = English;
			hasScannedForEncodings = 0;
			knownRegions = (
				en,
			);
			mainGroup = 24FE03451D79B228001E75DF;
			productRefGroup = 24FE034F1D79B228001E75DF /* Products */;
			projectDirPath = "";
			projectRoot = "";
			targets = (
				24FE034D1D79B228001E75DF /* Nostronew */,
			);
		};
/* End PBXProject section */

/* Begin PBXSourcesBuildPhase section */
		24FE034A1D79B228001E75DF /* Sources */ = {
			isa = PBXSourcesBuildPhase;
			buildActionMask = 2147483647;
			files = (
				24FE03701D79B85C001E75DF /* Matrix.cpp in Sources */,
				24FE03781D79B898001E75DF /* ShaderProgram.cpp in Sources */,
				24FE03521D79B228001E75DF /* main.cpp in Sources */,
				24FE036E1D79B85C001E75DF /* Color.cpp in Sources */,
				24FE03771D79B898001E75DF /* Texture.cpp in Sources */,
				24FE03791D79B898001E75DF /* Vector.cpp in Sources */,
				24FE036F1D79B85C001E75DF /* Camera.cpp in Sources */,
				2400C4CD1D8C2B9B0046B1B7 /* MyWavefrontParser.cpp in Sources */,
				24FE037C1D79CF56001E75DF /* RGBImage.cpp in Sources */,
				24FE035E1D79B25D001E75DF /* ResourceManager.cpp in Sources */,
				24FE03611D79B653001E75DF /* MyOpenGLRenderer.cpp in Sources */,
				24FE036D1D79B85C001E75DF /* Material.cpp in Sources */,
				24FE03641D79B745001E75DF /* Model.cpp in Sources */,
			);
			runOnlyForDeploymentPostprocessing = 0;
		};
/* End PBXSourcesBuildPhase section */

/* Begin XCBuildConfiguration section */
		24FE03531D79B228001E75DF /* Debug */ = {
			isa = XCBuildConfiguration;
			buildSettings = {
				ALWAYS_SEARCH_USER_PATHS = NO;
				CLANG_ANALYZER_NONNULL = YES;
				CLANG_CXX_LANGUAGE_STANDARD = "gnu++0x";
				CLANG_CXX_LIBRARY = "libc++";
				CLANG_ENABLE_MODULES = YES;
				CLANG_ENABLE_OBJC_ARC = YES;
				CLANG_WARN_BOOL_CONVERSION = YES;
				CLANG_WARN_CONSTANT_CONVERSION = YES;
				CLANG_WARN_DIRECT_OBJC_ISA_USAGE = YES_ERROR;
				CLANG_WARN_EMPTY_BODY = YES;
				CLANG_WARN_ENUM_CONVERSION = YES;
				CLANG_WARN_INFINITE_RECURSION = YES;
				CLANG_WARN_INT_CONVERSION = YES;
				CLANG_WARN_OBJC_ROOT_CLASS = YES_ERROR;
				CLANG_WARN_SUSPICIOUS_MOVE = YES;
				CLANG_WARN_UNREACHABLE_CODE = YES;
				CLANG_WARN__DUPLICATE_METHOD_MATCH = YES;
				CODE_SIGN_IDENTITY = "-";
				COPY_PHASE_STRIP = NO;
				DEBUG_INFORMATION_FORMAT = dwarf;
				ENABLE_STRICT_OBJC_MSGSEND = YES;
				ENABLE_TESTABILITY = YES;
				GCC_C_LANGUAGE_STANDARD = gnu99;
				GCC_DYNAMIC_NO_PIC = NO;
				GCC_NO_COMMON_BLOCKS = YES;
				GCC_OPTIMIZATION_LEVEL = 0;
				GCC_PREPROCESSOR_DEFINITIONS = (
					"DEBUG=1",
					"$(inherited)",
				);
				GCC_WARN_64_TO_32_BIT_CONVERSION = YES;
				GCC_WARN_ABOUT_RETURN_TYPE = YES_ERROR;
				GCC_WARN_UNDECLARED_SELECTOR = YES;
				GCC_WARN_UNINITIALIZED_AUTOS = YES_AGGRESSIVE;
				GCC_WARN_UNUSED_FUNCTION = YES;
				GCC_WARN_UNUSED_VARIABLE = YES;
				MACOSX_DEPLOYMENT_TARGET = 10.11;
				MTL_ENABLE_DEBUG_INFO = YES;
				ONLY_ACTIVE_ARCH = YES;
				SDKROOT = macosx;
			};
			name = Debug;
		};
		24FE03541D79B228001E75DF /* Release */ = {
			isa = XCBuildConfiguration;
			buildSettings = {
				ALWAYS_SEARCH_USER_PATHS = NO;
				CLANG_ANALYZER_NONNULL = YES;
				CLANG_CXX_LANGUAGE_STANDARD = "gnu++0x";
				CLANG_CXX_LIBRARY = "libc++";
				CLANG_ENABLE_MODULES = YES;
				CLANG_ENABLE_OBJC_ARC = YES;
				CLANG_WARN_BOOL_CONVERSION = YES;
				CLANG_WARN_CONSTANT_CONVERSION = YES;
				CLANG_WARN_DIRECT_OBJC_ISA_USAGE = YES_ERROR;
				CLANG_WARN_EMPTY_BODY = YES;
				CLANG_WARN_ENUM_CONVERSION = YES;
				CLANG_WARN_INFINITE_RECURSION = YES;
				CLANG_WARN_INT_CONVERSION = YES;
				CLANG_WARN_OBJC_ROOT_CLASS = YES_ERROR;
				CLANG_WARN_SUSPICIOUS_MOVE = YES;
				CLANG_WARN_UNREACHABLE_CODE = YES;
				CLANG_WARN__DUPLICATE_METHOD_MATCH = YES;
				CODE_SIGN_IDENTITY = "-";
				COPY_PHASE_STRIP = NO;
				DEBUG_INFORMATION_FORMAT = "dwarf-with-dsym";
				ENABLE_NS_ASSERTIONS = NO;
				ENABLE_STRICT_OBJC_MSGSEND = YES;
				GCC_C_LANGUAGE_STANDARD = gnu99;
				GCC_NO_COMMON_BLOCKS = YES;
				GCC_WARN_64_TO_32_BIT_CONVERSION = YES;
				GCC_WARN_ABOUT_RETURN_TYPE = YES_ERROR;
				GCC_WARN_UNDECLARED_SELECTOR = YES;
				GCC_WARN_UNINITIALIZED_AUTOS = YES_AGGRESSIVE;
				GCC_WARN_UNUSED_FUNCTION = YES;
				GCC_WARN_UNUSED_VARIABLE = YES;
				MACOSX_DEPLOYMENT_TARGET = 10.11;
				MTL_ENABLE_DEBUG_INFO = NO;
				SDKROOT = macosx;
			};
			name = Release;
		};
		24FE03561D79B228001E75DF /* Debug */ = {
			isa = XCBuildConfiguration;
			buildSettings = {
				PRODUCT_NAME = "$(TARGET_NAME)";
			};
			name = Debug;
		};
		24FE03571D79B228001E75DF /* Release */ = {
			isa = XCBuildConfiguration;
			buildSettings = {
				PRODUCT_NAME = "$(TARGET_NAME)";
			};
			name = Release;
		};
/* End XCBuildConfiguration section */

/* Begin XCConfigurationList section */
		24FE03491D79B228001E75DF /* Build configuration list for PBXProject "Nostronew" */ = {
			isa = XCConfigurationList;
			buildConfigurations = (
				24FE03531D79B228001E75DF /* Debug */,
				24FE03541D79B228001E75DF /* Release */,
			);
			defaultConfigurationIsVisible = 0;
			defaultConfigurationName = Release;
		};
		24FE03551D79B228001E75DF /* Build configuration list for PBXNativeTarget "Nostronew" */ = {
			isa = XCConfigurationList;
			buildConfigurations = (
				24FE03561D79B228001E75DF /* Debug */,
				24FE03571D79B228001E75DF /* Release */,
			);
			defaultConfigurationIsVisible = 0;
			defaultConfigurationName = Release;
		};
/* End XCConfigurationList section */
	};
	rootObject = 24FE03461D79B228001E75DF /* Project object */;
}
